// !$*UTF8*$!
{
	archiveVersion = 1;
	classes = {
	};
	objectVersion = 50;
	objects = {

/* Begin PBXBuildFile section */
		225C658E2617B71D0051BD0E /* main.cpp in Sources */ = {isa = PBXBuildFile; fileRef = 225C658D2617B71D0051BD0E /* main.cpp */; };
		22CC76132620F030009F4F9A /* Futoshiki.cpp in Sources */ = {isa = PBXBuildFile; fileRef = 22CC76112620F030009F4F9A /* Futoshiki.cpp */; };
		22CC761D262B452A009F4F9A /* CspSolver.cpp in Sources */ = {isa = PBXBuildFile; fileRef = 22CC761B262B452A009F4F9A /* CspSolver.cpp */; };
		22DAC59F2617CCF70099C441 /* libfutoshiki.a in Frameworks */ = {isa = PBXBuildFile; fileRef = 22DAC5882617CC970099C441 /* libfutoshiki.a */; };
		22DAC5AB2617CE7B0099C441 /* SquareCsp.cpp in Sources */ = {isa = PBXBuildFile; fileRef = 22DAC5A32617CE7A0099C441 /* SquareCsp.cpp */; };
		22DAC5AC2617CE7B0099C441 /* ConstraintSatisfactionProblem.cpp in Sources */ = {isa = PBXBuildFile; fileRef = 22DAC5A42617CE7A0099C441 /* ConstraintSatisfactionProblem.cpp */; };
		22DAC5AD2617CE7B0099C441 /* TwoDimCsp.cpp in Sources */ = {isa = PBXBuildFile; fileRef = 22DAC5A52617CE7A0099C441 /* TwoDimCsp.cpp */; };
		22DAC5AF2617CE7B0099C441 /* LatinSquare.cpp in Sources */ = {isa = PBXBuildFile; fileRef = 22DAC5A72617CE7A0099C441 /* LatinSquare.cpp */; };
		22DAC5B02617CE7B0099C441 /* EqualityConstraint.cpp in Sources */ = {isa = PBXBuildFile; fileRef = 22DAC5A82617CE7A0099C441 /* EqualityConstraint.cpp */; };
		22DAC5B12617CE7B0099C441 /* InequalityConstraint.cpp in Sources */ = {isa = PBXBuildFile; fileRef = 22DAC5A92617CE7A0099C441 /* InequalityConstraint.cpp */; };
		22DAC5B22617CE7B0099C441 /* Constraint.cpp in Sources */ = {isa = PBXBuildFile; fileRef = 22DAC5AA2617CE7A0099C441 /* Constraint.cpp */; };
		22DAC5D82617D3BB0099C441 /* easylogging++.cc in Sources */ = {isa = PBXBuildFile; fileRef = 22DAC5D72617D3BB0099C441 /* easylogging++.cc */; };
		22DAC5DC2617D3EA0099C441 /* Cell.cpp in Sources */ = {isa = PBXBuildFile; fileRef = 22DAC5DB2617D3EA0099C441 /* Cell.cpp */; };
		22DAC5F52617D8890099C441 /* utils.cpp in Sources */ = {isa = PBXBuildFile; fileRef = 22DAC5F42617D8890099C441 /* utils.cpp */; };
		22DAC606261885CF0099C441 /* main.cpp in Sources */ = {isa = PBXBuildFile; fileRef = 22DAC605261885CF0099C441 /* main.cpp */; };
		22DAC60F2618860A0099C441 /* libfutoshiki.a in Frameworks */ = {isa = PBXBuildFile; fileRef = 22DAC5882617CC970099C441 /* libfutoshiki.a */; };
		22F9748A263FE2E900398267 /* main.cpp in Sources */ = {isa = PBXBuildFile; fileRef = 22F97489263FE2E900398267 /* main.cpp */; };
		22F97496263FE96F00398267 /* libfutoshiki.a in Frameworks */ = {isa = PBXBuildFile; fileRef = 22DAC5882617CC970099C441 /* libfutoshiki.a */; };
/* End PBXBuildFile section */

/* Begin PBXContainerItemProxy section */
		22DAC59D2617CCF30099C441 /* PBXContainerItemProxy */ = {
			isa = PBXContainerItemProxy;
			containerPortal = 22D8E93E25F94CEE00D95938 /* Project object */;
			proxyType = 1;
			remoteGlobalIDString = 22DAC5872617CC970099C441;
			remoteInfo = "futoshiki-lib";
		};
		22DAC60D261886040099C441 /* PBXContainerItemProxy */ = {
			isa = PBXContainerItemProxy;
			containerPortal = 22D8E93E25F94CEE00D95938 /* Project object */;
			proxyType = 1;
			remoteGlobalIDString = 22DAC5872617CC970099C441;
			remoteInfo = futoshiki;
		};
		22F97497263FE96F00398267 /* PBXContainerItemProxy */ = {
			isa = PBXContainerItemProxy;
			containerPortal = 22D8E93E25F94CEE00D95938 /* Project object */;
			proxyType = 1;
			remoteGlobalIDString = 22DAC5872617CC970099C441;
			remoteInfo = futoshiki;
		};
/* End PBXContainerItemProxy section */

/* Begin PBXCopyFilesBuildPhase section */
		225C65892617B71D0051BD0E /* CopyFiles */ = {
			isa = PBXCopyFilesBuildPhase;
			buildActionMask = 2147483647;
			dstPath = /usr/share/man/man1/;
			dstSubfolderSpec = 0;
			files = (
			);
			runOnlyForDeploymentPostprocessing = 1;
		};
		22DAC601261885CF0099C441 /* CopyFiles */ = {
			isa = PBXCopyFilesBuildPhase;
			buildActionMask = 2147483647;
			dstPath = /usr/share/man/man1/;
			dstSubfolderSpec = 0;
			files = (
			);
			runOnlyForDeploymentPostprocessing = 1;
		};
		22F97485263FE2E900398267 /* CopyFiles */ = {
			isa = PBXCopyFilesBuildPhase;
			buildActionMask = 2147483647;
			dstPath = /usr/share/man/man1/;
			dstSubfolderSpec = 0;
			files = (
			);
			runOnlyForDeploymentPostprocessing = 1;
		};
/* End PBXCopyFilesBuildPhase section */

/* Begin PBXFileReference section */
		225C658B2617B71D0051BD0E /* TestFutoshiki */ = {isa = PBXFileReference; explicitFileType = "compiled.mach-o.executable"; includeInIndex = 0; path = TestFutoshiki; sourceTree = BUILT_PRODUCTS_DIR; };
		225C658D2617B71D0051BD0E /* main.cpp */ = {isa = PBXFileReference; lastKnownFileType = sourcecode.cpp.cpp; path = main.cpp; sourceTree = "<group>"; };
		22CC76112620F030009F4F9A /* Futoshiki.cpp */ = {isa = PBXFileReference; lastKnownFileType = sourcecode.cpp.cpp; name = Futoshiki.cpp; path = src/Futoshiki.cpp; sourceTree = "<group>"; };
		22CC761B262B452A009F4F9A /* CspSolver.cpp */ = {isa = PBXFileReference; lastKnownFileType = sourcecode.cpp.cpp; name = CspSolver.cpp; path = src/CspSolver.cpp; sourceTree = "<group>"; };
		22DAC5882617CC970099C441 /* libfutoshiki.a */ = {isa = PBXFileReference; explicitFileType = archive.ar; includeInIndex = 0; path = libfutoshiki.a; sourceTree = BUILT_PRODUCTS_DIR; };
		22DAC5A32617CE7A0099C441 /* SquareCsp.cpp */ = {isa = PBXFileReference; fileEncoding = 4; lastKnownFileType = sourcecode.cpp.cpp; name = SquareCsp.cpp; path = src/SquareCsp.cpp; sourceTree = "<group>"; };
		22DAC5A42617CE7A0099C441 /* ConstraintSatisfactionProblem.cpp */ = {isa = PBXFileReference; fileEncoding = 4; lastKnownFileType = sourcecode.cpp.cpp; name = ConstraintSatisfactionProblem.cpp; path = src/ConstraintSatisfactionProblem.cpp; sourceTree = "<group>"; };
		22DAC5A52617CE7A0099C441 /* TwoDimCsp.cpp */ = {isa = PBXFileReference; fileEncoding = 4; lastKnownFileType = sourcecode.cpp.cpp; name = TwoDimCsp.cpp; path = src/TwoDimCsp.cpp; sourceTree = "<group>"; };
		22DAC5A72617CE7A0099C441 /* LatinSquare.cpp */ = {isa = PBXFileReference; fileEncoding = 4; lastKnownFileType = sourcecode.cpp.cpp; name = LatinSquare.cpp; path = src/LatinSquare.cpp; sourceTree = "<group>"; };
		22DAC5A82617CE7A0099C441 /* EqualityConstraint.cpp */ = {isa = PBXFileReference; fileEncoding = 4; lastKnownFileType = sourcecode.cpp.cpp; name = EqualityConstraint.cpp; path = src/EqualityConstraint.cpp; sourceTree = "<group>"; };
		22DAC5A92617CE7A0099C441 /* InequalityConstraint.cpp */ = {isa = PBXFileReference; fileEncoding = 4; lastKnownFileType = sourcecode.cpp.cpp; name = InequalityConstraint.cpp; path = src/InequalityConstraint.cpp; sourceTree = "<group>"; };
		22DAC5AA2617CE7A0099C441 /* Constraint.cpp */ = {isa = PBXFileReference; fileEncoding = 4; lastKnownFileType = sourcecode.cpp.cpp; name = Constraint.cpp; path = src/Constraint.cpp; sourceTree = "<group>"; };
		22DAC5B62617CE950099C441 /* include */ = {isa = PBXFileReference; lastKnownFileType = folder; path = include; sourceTree = "<group>"; };
		22DAC5D72617D3BB0099C441 /* easylogging++.cc */ = {isa = PBXFileReference; fileEncoding = 4; lastKnownFileType = sourcecode.cpp.cpp; name = "easylogging++.cc"; path = "src/easylogging++.cc"; sourceTree = "<group>"; };
		22DAC5DB2617D3EA0099C441 /* Cell.cpp */ = {isa = PBXFileReference; fileEncoding = 4; lastKnownFileType = sourcecode.cpp.cpp; name = Cell.cpp; path = src/Cell.cpp; sourceTree = "<group>"; };
		22DAC5F42617D8890099C441 /* utils.cpp */ = {isa = PBXFileReference; lastKnownFileType = sourcecode.cpp.cpp; path = utils.cpp; sourceTree = "<group>"; };
		22DAC603261885CF0099C441 /* MainFutoshiki */ = {isa = PBXFileReference; explicitFileType = "compiled.mach-o.executable"; includeInIndex = 0; path = MainFutoshiki; sourceTree = BUILT_PRODUCTS_DIR; };
		22DAC605261885CF0099C441 /* main.cpp */ = {isa = PBXFileReference; lastKnownFileType = sourcecode.cpp.cpp; path = main.cpp; sourceTree = "<group>"; };
		22F97487263FE2E900398267 /* WebFutoshiki */ = {isa = PBXFileReference; explicitFileType = "compiled.mach-o.executable"; includeInIndex = 0; path = WebFutoshiki; sourceTree = BUILT_PRODUCTS_DIR; };
		22F97489263FE2E900398267 /* main.cpp */ = {isa = PBXFileReference; lastKnownFileType = sourcecode.cpp.cpp; path = main.cpp; sourceTree = "<group>"; };
/* End PBXFileReference section */

/* Begin PBXFrameworksBuildPhase section */
		225C65882617B71D0051BD0E /* Frameworks */ = {
			isa = PBXFrameworksBuildPhase;
			buildActionMask = 2147483647;
			files = (
				22DAC59F2617CCF70099C441 /* libfutoshiki.a in Frameworks */,
			);
			runOnlyForDeploymentPostprocessing = 0;
		};
		22DAC5862617CC970099C441 /* Frameworks */ = {
			isa = PBXFrameworksBuildPhase;
			buildActionMask = 2147483647;
			files = (
			);
			runOnlyForDeploymentPostprocessing = 0;
		};
		22DAC600261885CF0099C441 /* Frameworks */ = {
			isa = PBXFrameworksBuildPhase;
			buildActionMask = 2147483647;
			files = (
				22DAC60F2618860A0099C441 /* libfutoshiki.a in Frameworks */,
			);
			runOnlyForDeploymentPostprocessing = 0;
		};
		22F97484263FE2E900398267 /* Frameworks */ = {
			isa = PBXFrameworksBuildPhase;
			buildActionMask = 2147483647;
			files = (
				22F97496263FE96F00398267 /* libfutoshiki.a in Frameworks */,
			);
			runOnlyForDeploymentPostprocessing = 0;
		};
/* End PBXFrameworksBuildPhase section */

/* Begin PBXGroup section */
		225C658C2617B71D0051BD0E /* TestFutoshiki */ = {
			isa = PBXGroup;
			children = (
				225C658D2617B71D0051BD0E /* main.cpp */,
			);
			path = TestFutoshiki;
			sourceTree = "<group>";
		};
		22D8E93D25F94CEE00D95938 = {
			isa = PBXGroup;
			children = (
				22F97488263FE2E900398267 /* WebFutoshiki */,
				22DAC604261885CF0099C441 /* MainFutoshiki */,
				225C658C2617B71D0051BD0E /* TestFutoshiki */,
				22DAC5892617CC970099C441 /* futoshiki-lib */,
				22D8E94725F94CEE00D95938 /* Products */,
				22DAC4F62617C0550099C441 /* Frameworks */,
			);
			sourceTree = "<group>";
		};
		22D8E94725F94CEE00D95938 /* Products */ = {
			isa = PBXGroup;
			children = (
				225C658B2617B71D0051BD0E /* TestFutoshiki */,
				22DAC5882617CC970099C441 /* libfutoshiki.a */,
				22DAC603261885CF0099C441 /* MainFutoshiki */,
				22F97487263FE2E900398267 /* WebFutoshiki */,
			);
			name = Products;
			sourceTree = "<group>";
		};
		22DAC4F62617C0550099C441 /* Frameworks */ = {
			isa = PBXGroup;
			children = (
			);
			name = Frameworks;
			sourceTree = "<group>";
		};
		22DAC5892617CC970099C441 /* futoshiki-lib */ = {
			isa = PBXGroup;
			children = (
				22DAC5FA2617D8950099C441 /* utils */,
				22DAC5B62617CE950099C441 /* include */,
				22DAC5DB2617D3EA0099C441 /* Cell.cpp */,
				22DAC5D72617D3BB0099C441 /* easylogging++.cc */,
				22DAC5AA2617CE7A0099C441 /* Constraint.cpp */,
				22DAC5A42617CE7A0099C441 /* ConstraintSatisfactionProblem.cpp */,
				22DAC5A82617CE7A0099C441 /* EqualityConstraint.cpp */,
				22DAC5A92617CE7A0099C441 /* InequalityConstraint.cpp */,
				22DAC5A72617CE7A0099C441 /* LatinSquare.cpp */,
				22DAC5A32617CE7A0099C441 /* SquareCsp.cpp */,
				22DAC5A52617CE7A0099C441 /* TwoDimCsp.cpp */,
				22CC76112620F030009F4F9A /* Futoshiki.cpp */,
				22CC761B262B452A009F4F9A /* CspSolver.cpp */,
			);
			path = "futoshiki-lib";
			sourceTree = "<group>";
		};
		22DAC5FA2617D8950099C441 /* utils */ = {
			isa = PBXGroup;
			children = (
				22DAC5F42617D8890099C441 /* utils.cpp */,
			);
			path = utils;
			sourceTree = "<group>";
		};
		22DAC604261885CF0099C441 /* MainFutoshiki */ = {
			isa = PBXGroup;
			children = (
				22DAC605261885CF0099C441 /* main.cpp */,
			);
			path = MainFutoshiki;
			sourceTree = "<group>";
		};
		22F97488263FE2E900398267 /* WebFutoshiki */ = {
			isa = PBXGroup;
			children = (
				22F97489263FE2E900398267 /* main.cpp */,
			);
			path = WebFutoshiki;
			sourceTree = "<group>";
		};
/* End PBXGroup section */

/* Begin PBXHeadersBuildPhase section */
		22DAC5842617CC970099C441 /* Headers */ = {
			isa = PBXHeadersBuildPhase;
			buildActionMask = 2147483647;
			files = (
			);
			runOnlyForDeploymentPostprocessing = 0;
		};
/* End PBXHeadersBuildPhase section */

/* Begin PBXNativeTarget section */
		225C658A2617B71D0051BD0E /* TestFutoshiki */ = {
			isa = PBXNativeTarget;
			buildConfigurationList = 225C658F2617B71D0051BD0E /* Build configuration list for PBXNativeTarget "TestFutoshiki" */;
			buildPhases = (
				225C65872617B71D0051BD0E /* Sources */,
				225C65882617B71D0051BD0E /* Frameworks */,
				225C65892617B71D0051BD0E /* CopyFiles */,
			);
			buildRules = (
			);
			dependencies = (
				22DAC59E2617CCF30099C441 /* PBXTargetDependency */,
			);
			name = TestFutoshiki;
			productName = TestFutoshiki;
			productReference = 225C658B2617B71D0051BD0E /* TestFutoshiki */;
			productType = "com.apple.product-type.tool";
		};
		22DAC5872617CC970099C441 /* futoshiki */ = {
			isa = PBXNativeTarget;
			buildConfigurationList = 22DAC5902617CC970099C441 /* Build configuration list for PBXNativeTarget "futoshiki" */;
			buildPhases = (
				22DAC5842617CC970099C441 /* Headers */,
				22DAC5852617CC970099C441 /* Sources */,
				22DAC5862617CC970099C441 /* Frameworks */,
			);
			buildRules = (
			);
			dependencies = (
			);
			name = futoshiki;
			productName = "futoshiki-lib";
			productReference = 22DAC5882617CC970099C441 /* libfutoshiki.a */;
			productType = "com.apple.product-type.library.static";
		};
		22DAC602261885CF0099C441 /* MainFutoshiki */ = {
			isa = PBXNativeTarget;
			buildConfigurationList = 22DAC607261885CF0099C441 /* Build configuration list for PBXNativeTarget "MainFutoshiki" */;
			buildPhases = (
				22DAC5FF261885CF0099C441 /* Sources */,
				22DAC600261885CF0099C441 /* Frameworks */,
				22DAC601261885CF0099C441 /* CopyFiles */,
			);
			buildRules = (
			);
			dependencies = (
				22DAC60E261886040099C441 /* PBXTargetDependency */,
			);
			name = MainFutoshiki;
			productName = MainFutoshiki;
			productReference = 22DAC603261885CF0099C441 /* MainFutoshiki */;
			productType = "com.apple.product-type.tool";
		};
		22F97486263FE2E900398267 /* WebFutoshiki */ = {
			isa = PBXNativeTarget;
			buildConfigurationList = 22F9748D263FE2E900398267 /* Build configuration list for PBXNativeTarget "WebFutoshiki" */;
			buildPhases = (
				22F97483263FE2E900398267 /* Sources */,
				22F97484263FE2E900398267 /* Frameworks */,
				22F97485263FE2E900398267 /* CopyFiles */,
			);
			buildRules = (
			);
			dependencies = (
				22F97498263FE96F00398267 /* PBXTargetDependency */,
			);
			name = WebFutoshiki;
			productName = WebFutoshiki;
			productReference = 22F97487263FE2E900398267 /* WebFutoshiki */;
			productType = "com.apple.product-type.tool";
		};
/* End PBXNativeTarget section */

/* Begin PBXProject section */
		22D8E93E25F94CEE00D95938 /* Project object */ = {
			isa = PBXProject;
			attributes = {
				LastUpgradeCheck = 1240;
				TargetAttributes = {
					225C658A2617B71D0051BD0E = {
						CreatedOnToolsVersion = 12.4;
					};
					22DAC5872617CC970099C441 = {
						CreatedOnToolsVersion = 12.4;
					};
					22DAC602261885CF0099C441 = {
						CreatedOnToolsVersion = 12.4;
					};
					22F97486263FE2E900398267 = {
						CreatedOnToolsVersion = 12.4;
					};
				};
			};
			buildConfigurationList = 22D8E94125F94CEE00D95938 /* Build configuration list for PBXProject "futoshiki" */;
			compatibilityVersion = "Xcode 9.3";
			developmentRegion = en;
			hasScannedForEncodings = 0;
			knownRegions = (
				en,
				Base,
			);
			mainGroup = 22D8E93D25F94CEE00D95938;
			productRefGroup = 22D8E94725F94CEE00D95938 /* Products */;
			projectDirPath = "";
			projectRoot = "";
			targets = (
				225C658A2617B71D0051BD0E /* TestFutoshiki */,
				22DAC5872617CC970099C441 /* futoshiki */,
				22DAC602261885CF0099C441 /* MainFutoshiki */,
				22F97486263FE2E900398267 /* WebFutoshiki */,
			);
		};
/* End PBXProject section */

/* Begin PBXSourcesBuildPhase section */
		225C65872617B71D0051BD0E /* Sources */ = {
			isa = PBXSourcesBuildPhase;
			buildActionMask = 2147483647;
			files = (
				225C658E2617B71D0051BD0E /* main.cpp in Sources */,
			);
			runOnlyForDeploymentPostprocessing = 0;
		};
		22DAC5852617CC970099C441 /* Sources */ = {
			isa = PBXSourcesBuildPhase;
			buildActionMask = 2147483647;
			files = (
				22DAC5DC2617D3EA0099C441 /* Cell.cpp in Sources */,
				22DAC5F52617D8890099C441 /* utils.cpp in Sources */,
				22DAC5AC2617CE7B0099C441 /* ConstraintSatisfactionProblem.cpp in Sources */,
				22CC76132620F030009F4F9A /* Futoshiki.cpp in Sources */,
				22DAC5AF2617CE7B0099C441 /* LatinSquare.cpp in Sources */,
				22DAC5B02617CE7B0099C441 /* EqualityConstraint.cpp in Sources */,
				22DAC5D82617D3BB0099C441 /* easylogging++.cc in Sources */,
				22CC761D262B452A009F4F9A /* CspSolver.cpp in Sources */,
				22DAC5B22617CE7B0099C441 /* Constraint.cpp in Sources */,
				22DAC5B12617CE7B0099C441 /* InequalityConstraint.cpp in Sources */,
				22DAC5AB2617CE7B0099C441 /* SquareCsp.cpp in Sources */,
				22DAC5AD2617CE7B0099C441 /* TwoDimCsp.cpp in Sources */,
			);
			runOnlyForDeploymentPostprocessing = 0;
		};
		22DAC5FF261885CF0099C441 /* Sources */ = {
			isa = PBXSourcesBuildPhase;
			buildActionMask = 2147483647;
			files = (
				22DAC606261885CF0099C441 /* main.cpp in Sources */,
			);
			runOnlyForDeploymentPostprocessing = 0;
		};
		22F97483263FE2E900398267 /* Sources */ = {
			isa = PBXSourcesBuildPhase;
			buildActionMask = 2147483647;
			files = (
				22F9748A263FE2E900398267 /* main.cpp in Sources */,
			);
			runOnlyForDeploymentPostprocessing = 0;
		};
/* End PBXSourcesBuildPhase section */

/* Begin PBXTargetDependency section */
		22DAC59E2617CCF30099C441 /* PBXTargetDependency */ = {
			isa = PBXTargetDependency;
			target = 22DAC5872617CC970099C441 /* futoshiki */;
			targetProxy = 22DAC59D2617CCF30099C441 /* PBXContainerItemProxy */;
		};
		22DAC60E261886040099C441 /* PBXTargetDependency */ = {
			isa = PBXTargetDependency;
			target = 22DAC5872617CC970099C441 /* futoshiki */;
			targetProxy = 22DAC60D261886040099C441 /* PBXContainerItemProxy */;
		};
		22F97498263FE96F00398267 /* PBXTargetDependency */ = {
			isa = PBXTargetDependency;
			target = 22DAC5872617CC970099C441 /* futoshiki */;
			targetProxy = 22F97497263FE96F00398267 /* PBXContainerItemProxy */;
		};
/* End PBXTargetDependency section */

/* Begin XCBuildConfiguration section */
		225C65902617B71D0051BD0E /* Debug */ = {
			isa = XCBuildConfiguration;
			buildSettings = {
				CLANG_CXX_LANGUAGE_STANDARD = "c++17";
				CODE_SIGN_STYLE = Automatic;
				HEADER_SEARCH_PATHS = (
					/usr/local/include,
					/Users/MaxNoka/OneDrive/Projects/futoshiki/crow/include,
					"$SRCROOT/futoshiki-lib/include",
				);
				LIBRARY_SEARCH_PATHS = /usr/local/lib;
				OTHER_LDFLAGS = (
					"-lCatch2",
					"-lCatch2Main",
					"-lfutoshiki",
				);
				PRODUCT_NAME = "$(TARGET_NAME)";
			};
			name = Debug;
		};
		225C65912617B71D0051BD0E /* Release */ = {
			isa = XCBuildConfiguration;
			buildSettings = {
				CLANG_CXX_LANGUAGE_STANDARD = "c++17";
				CODE_SIGN_STYLE = Automatic;
				HEADER_SEARCH_PATHS = (
					/usr/local/include,
					/Users/MaxNoka/OneDrive/Projects/futoshiki/crow/include,
					"$SRCROOT/futoshiki-lib/include",
				);
				LIBRARY_SEARCH_PATHS = /usr/local/lib;
				OTHER_LDFLAGS = (
					"-lCatch2",
					"-lCatch2Main",
					"-lfutoshiki",
				);
				PRODUCT_NAME = "$(TARGET_NAME)";
			};
			name = Release;
		};
		22D8E94B25F94CEE00D95938 /* Debug */ = {
			isa = XCBuildConfiguration;
			buildSettings = {
				ALWAYS_SEARCH_USER_PATHS = NO;
				CLANG_ANALYZER_NONNULL = YES;
				CLANG_ANALYZER_NUMBER_OBJECT_CONVERSION = YES_AGGRESSIVE;
				CLANG_CXX_LANGUAGE_STANDARD = "gnu++14";
				CLANG_CXX_LIBRARY = "libc++";
				CLANG_ENABLE_MODULES = YES;
				CLANG_ENABLE_OBJC_ARC = YES;
				CLANG_ENABLE_OBJC_WEAK = YES;
				CLANG_WARN_BLOCK_CAPTURE_AUTORELEASING = YES;
				CLANG_WARN_BOOL_CONVERSION = YES;
				CLANG_WARN_COMMA = YES;
				CLANG_WARN_CONSTANT_CONVERSION = YES;
				CLANG_WARN_DEPRECATED_OBJC_IMPLEMENTATIONS = YES;
				CLANG_WARN_DIRECT_OBJC_ISA_USAGE = YES_ERROR;
				CLANG_WARN_DOCUMENTATION_COMMENTS = YES;
				CLANG_WARN_EMPTY_BODY = YES;
				CLANG_WARN_ENUM_CONVERSION = YES;
				CLANG_WARN_INFINITE_RECURSION = YES;
				CLANG_WARN_INT_CONVERSION = YES;
				CLANG_WARN_NON_LITERAL_NULL_CONVERSION = YES;
				CLANG_WARN_OBJC_IMPLICIT_RETAIN_SELF = YES;
				CLANG_WARN_OBJC_LITERAL_CONVERSION = YES;
				CLANG_WARN_OBJC_ROOT_CLASS = YES_ERROR;
				CLANG_WARN_QUOTED_INCLUDE_IN_FRAMEWORK_HEADER = YES;
				CLANG_WARN_RANGE_LOOP_ANALYSIS = YES;
				CLANG_WARN_STRICT_PROTOTYPES = YES;
				CLANG_WARN_SUSPICIOUS_MOVE = YES;
				CLANG_WARN_UNGUARDED_AVAILABILITY = YES_AGGRESSIVE;
				CLANG_WARN_UNREACHABLE_CODE = YES;
				CLANG_WARN__DUPLICATE_METHOD_MATCH = YES;
				COPY_PHASE_STRIP = NO;
				DEBUG_INFORMATION_FORMAT = dwarf;
				ENABLE_STRICT_OBJC_MSGSEND = YES;
				ENABLE_TESTABILITY = YES;
				GCC_C_LANGUAGE_STANDARD = gnu11;
				GCC_DYNAMIC_NO_PIC = NO;
				GCC_NO_COMMON_BLOCKS = YES;
				GCC_OPTIMIZATION_LEVEL = 0;
				GCC_PREPROCESSOR_DEFINITIONS = (
					"DEBUG=1",
					"$(inherited)",
				);
				GCC_WARN_64_TO_32_BIT_CONVERSION = YES;
				GCC_WARN_ABOUT_RETURN_TYPE = YES_ERROR;
				GCC_WARN_UNDECLARED_SELECTOR = YES;
				GCC_WARN_UNINITIALIZED_AUTOS = YES_AGGRESSIVE;
				GCC_WARN_UNUSED_FUNCTION = YES;
				GCC_WARN_UNUSED_VARIABLE = YES;
				MACOSX_DEPLOYMENT_TARGET = 11.1;
				MTL_ENABLE_DEBUG_INFO = INCLUDE_SOURCE;
				MTL_FAST_MATH = YES;
				ONLY_ACTIVE_ARCH = YES;
				SDKROOT = macosx;
			};
			name = Debug;
		};
		22D8E94C25F94CEE00D95938 /* Release */ = {
			isa = XCBuildConfiguration;
			buildSettings = {
				ALWAYS_SEARCH_USER_PATHS = NO;
				CLANG_ANALYZER_NONNULL = YES;
				CLANG_ANALYZER_NUMBER_OBJECT_CONVERSION = YES_AGGRESSIVE;
				CLANG_CXX_LANGUAGE_STANDARD = "gnu++14";
				CLANG_CXX_LIBRARY = "libc++";
				CLANG_ENABLE_MODULES = YES;
				CLANG_ENABLE_OBJC_ARC = YES;
				CLANG_ENABLE_OBJC_WEAK = YES;
				CLANG_WARN_BLOCK_CAPTURE_AUTORELEASING = YES;
				CLANG_WARN_BOOL_CONVERSION = YES;
				CLANG_WARN_COMMA = YES;
				CLANG_WARN_CONSTANT_CONVERSION = YES;
				CLANG_WARN_DEPRECATED_OBJC_IMPLEMENTATIONS = YES;
				CLANG_WARN_DIRECT_OBJC_ISA_USAGE = YES_ERROR;
				CLANG_WARN_DOCUMENTATION_COMMENTS = YES;
				CLANG_WARN_EMPTY_BODY = YES;
				CLANG_WARN_ENUM_CONVERSION = YES;
				CLANG_WARN_INFINITE_RECURSION = YES;
				CLANG_WARN_INT_CONVERSION = YES;
				CLANG_WARN_NON_LITERAL_NULL_CONVERSION = YES;
				CLANG_WARN_OBJC_IMPLICIT_RETAIN_SELF = YES;
				CLANG_WARN_OBJC_LITERAL_CONVERSION = YES;
				CLANG_WARN_OBJC_ROOT_CLASS = YES_ERROR;
				CLANG_WARN_QUOTED_INCLUDE_IN_FRAMEWORK_HEADER = YES;
				CLANG_WARN_RANGE_LOOP_ANALYSIS = YES;
				CLANG_WARN_STRICT_PROTOTYPES = YES;
				CLANG_WARN_SUSPICIOUS_MOVE = YES;
				CLANG_WARN_UNGUARDED_AVAILABILITY = YES_AGGRESSIVE;
				CLANG_WARN_UNREACHABLE_CODE = YES;
				CLANG_WARN__DUPLICATE_METHOD_MATCH = YES;
				COPY_PHASE_STRIP = NO;
				DEBUG_INFORMATION_FORMAT = "dwarf-with-dsym";
				ENABLE_NS_ASSERTIONS = NO;
				ENABLE_STRICT_OBJC_MSGSEND = YES;
				GCC_C_LANGUAGE_STANDARD = gnu11;
				GCC_NO_COMMON_BLOCKS = YES;
				GCC_WARN_64_TO_32_BIT_CONVERSION = YES;
				GCC_WARN_ABOUT_RETURN_TYPE = YES_ERROR;
				GCC_WARN_UNDECLARED_SELECTOR = YES;
				GCC_WARN_UNINITIALIZED_AUTOS = YES_AGGRESSIVE;
				GCC_WARN_UNUSED_FUNCTION = YES;
				GCC_WARN_UNUSED_VARIABLE = YES;
				MACOSX_DEPLOYMENT_TARGET = 11.1;
				MTL_ENABLE_DEBUG_INFO = NO;
				MTL_FAST_MATH = YES;
				SDKROOT = macosx;
			};
			name = Release;
		};
		22DAC5912617CC970099C441 /* Debug */ = {
			isa = XCBuildConfiguration;
			buildSettings = {
				CLANG_CXX_LANGUAGE_STANDARD = "gnu++17";
				CODE_SIGN_STYLE = Automatic;
				EXECUTABLE_PREFIX = lib;
				GCC_ENABLE_CPP_EXCEPTIONS = YES;
				GCC_ENABLE_CPP_RTTI = YES;
				GCC_PREPROCESSOR_DEFINITIONS = (
					"DEBUG=1",
					AUTO_INITIALIZE_EASYLOGGINGPP,
					"$(inherited)",
				);
				HEADER_SEARCH_PATHS = (
					/Users/MaxNoka/OneDrive/Projects/futoshiki/crow/include,
					/usr/local/include,
					"$SRCROOT/futoshiki-lib/include",
				);
				MACH_O_TYPE = mh_dylib;
				OTHER_LDFLAGS = "";
				PRODUCT_NAME = "$(TARGET_NAME)";
				SKIP_INSTALL = YES;
			};
			name = Debug;
		};
		22DAC5922617CC970099C441 /* Release */ = {
			isa = XCBuildConfiguration;
			buildSettings = {
				CLANG_CXX_LANGUAGE_STANDARD = "gnu++17";
				CODE_SIGN_STYLE = Automatic;
				EXECUTABLE_PREFIX = lib;
				GCC_ENABLE_CPP_EXCEPTIONS = YES;
				GCC_ENABLE_CPP_RTTI = YES;
				HEADER_SEARCH_PATHS = (
					/Users/MaxNoka/OneDrive/Projects/futoshiki/crow/include,
					/usr/local/include,
					"$SRCROOT/futoshiki-lib/include",
				);
				MACH_O_TYPE = mh_dylib;
				OTHER_LDFLAGS = "";
				PRODUCT_NAME = "$(TARGET_NAME)";
				SKIP_INSTALL = YES;
			};
			name = Release;
		};
		22DAC608261885CF0099C441 /* Debug */ = {
			isa = XCBuildConfiguration;
			buildSettings = {
				CLANG_CXX_LANGUAGE_STANDARD = "c++17";
				CODE_SIGN_STYLE = Automatic;
				HEADER_SEARCH_PATHS = (
					/usr/local/include,
					"$SRCROOT/futoshiki-lib/include",
					/Users/MaxNoka/OneDrive/Projects/futoshiki/crow/include,
				);
				PRODUCT_NAME = "$(TARGET_NAME)";
			};
			name = Debug;
		};
		22DAC609261885CF0099C441 /* Release */ = {
			isa = XCBuildConfiguration;
			buildSettings = {
				CLANG_CXX_LANGUAGE_STANDARD = "c++17";
				CODE_SIGN_STYLE = Automatic;
				HEADER_SEARCH_PATHS = (
					/usr/local/include,
					"$SRCROOT/futoshiki-lib/include",
					/Users/MaxNoka/OneDrive/Projects/futoshiki/crow/include,
				);
				PRODUCT_NAME = "$(TARGET_NAME)";
			};
			name = Release;
		};
		22F9748B263FE2E900398267 /* Debug */ = {
			isa = XCBuildConfiguration;
			buildSettings = {
				CLANG_CXX_LANGUAGE_STANDARD = "c++17";
				CODE_SIGN_STYLE = Automatic;
				HEADER_SEARCH_PATHS = (
					"$SRCROOT/futoshiki-lib/include",
					$SRCROOT/../crow/include,
					/usr/local/include,
				);
				OTHER_LDFLAGS = "-lz";
				PRODUCT_NAME = "$(TARGET_NAME)";
			};
			name = Debug;
		};
		22F9748C263FE2E900398267 /* Release */ = {
			isa = XCBuildConfiguration;
			buildSettings = {
				CLANG_CXX_LANGUAGE_STANDARD = "c++17";
				CODE_SIGN_STYLE = Automatic;
				HEADER_SEARCH_PATHS = (
					"$SRCROOT/futoshiki-lib/include",
					$SRCROOT/../crow/include,
					/usr/local/include,
				);
				OTHER_LDFLAGS = "-lz";
				PRODUCT_NAME = "$(TARGET_NAME)";
			};
			name = Release;
		};
/* End XCBuildConfiguration section */

/* Begin XCConfigurationList section */
		225C658F2617B71D0051BD0E /* Build configuration list for PBXNativeTarget "TestFutoshiki" */ = {
			isa = XCConfigurationList;
			buildConfigurations = (
				225C65902617B71D0051BD0E /* Debug */,
				225C65912617B71D0051BD0E /* Release */,
			);
			defaultConfigurationIsVisible = 0;
			defaultConfigurationName = Release;
		};
		22D8E94125F94CEE00D95938 /* Build configuration list for PBXProject "futoshiki" */ = {
			isa = XCConfigurationList;
			buildConfigurations = (
				22D8E94B25F94CEE00D95938 /* Debug */,
				22D8E94C25F94CEE00D95938 /* Release */,
			);
			defaultConfigurationIsVisible = 0;
			defaultConfigurationName = Release;
		};
		22DAC5902617CC970099C441 /* Build configuration list for PBXNativeTarget "futoshiki" */ = {
			isa = XCConfigurationList;
			buildConfigurations = (
				22DAC5912617CC970099C441 /* Debug */,
				22DAC5922617CC970099C441 /* Release */,
			);
			defaultConfigurationIsVisible = 0;
			defaultConfigurationName = Release;
		};
		22DAC607261885CF0099C441 /* Build configuration list for PBXNativeTarget "MainFutoshiki" */ = {
			isa = XCConfigurationList;
			buildConfigurations = (
				22DAC608261885CF0099C441 /* Debug */,
				22DAC609261885CF0099C441 /* Release */,
			);
			defaultConfigurationIsVisible = 0;
			defaultConfigurationName = Release;
		};
		22F9748D263FE2E900398267 /* Build configuration list for PBXNativeTarget "WebFutoshiki" */ = {
			isa = XCConfigurationList;
			buildConfigurations = (
				22F9748B263FE2E900398267 /* Debug */,
				22F9748C263FE2E900398267 /* Release */,
			);
			defaultConfigurationIsVisible = 0;
			defaultConfigurationName = Release;
		};
/* End XCConfigurationList section */
	};
	rootObject = 22D8E93E25F94CEE00D95938 /* Project object */;
}
